// !$*UTF8*$!
{
	archiveVersion = 1;
	classes = {
	};
	objectVersion = 77;
	objects = {

/* Begin PBXBuildFile section */
		3C6A8569C6D3938F217CAFDD /* Pods_InList_InListUITests.framework in Frameworks */ = {isa = PBXBuildFile; fileRef = EBFC7BD25708DFFD5DABA8F0 /* Pods_InList_InListUITests.framework */; };
		3F1E6480852921648A856320 /* Pods_InListTests.framework in Frameworks */ = {isa = PBXBuildFile; fileRef = 452CA438D8DA9AF2DDD441DF /* Pods_InListTests.framework */; };
		B7B89443503CF006262AE0B4 /* Pods_InList.framework in Frameworks */ = {isa = PBXBuildFile; fileRef = ECC4A1BA5146542E2D906FD9 /* Pods_InList.framework */; };
/* End PBXBuildFile section */

/* Begin PBXContainerItemProxy section */
		09EE67F72DAD41FD00044752 /* PBXContainerItemProxy */ = {
			isa = PBXContainerItemProxy;
			containerPortal = 09EE67D82DAD41F900044752 /* Project object */;
			proxyType = 1;
			remoteGlobalIDString = 09EE67DF2DAD41F900044752;
			remoteInfo = InList;
		};
		09EE68012DAD41FD00044752 /* PBXContainerItemProxy */ = {
			isa = PBXContainerItemProxy;
			containerPortal = 09EE67D82DAD41F900044752 /* Project object */;
			proxyType = 1;
			remoteGlobalIDString = 09EE67DF2DAD41F900044752;
			remoteInfo = InList;
		};
/* End PBXContainerItemProxy section */

/* Begin PBXFileReference section */
		09EE67E02DAD41F900044752 /* InList.app */ = {isa = PBXFileReference; explicitFileType = wrapper.application; includeInIndex = 0; path = InList.app; sourceTree = BUILT_PRODUCTS_DIR; };
		09EE67F62DAD41FD00044752 /* InListTests.xctest */ = {isa = PBXFileReference; explicitFileType = wrapper.cfbundle; includeInIndex = 0; path = InListTests.xctest; sourceTree = BUILT_PRODUCTS_DIR; };
		09EE68002DAD41FD00044752 /* InListUITests.xctest */ = {isa = PBXFileReference; explicitFileType = wrapper.cfbundle; includeInIndex = 0; path = InListUITests.xctest; sourceTree = BUILT_PRODUCTS_DIR; };
		0D4B8AFD7681743BD39C0848 /* Pods-InListTests.debug.xcconfig */ = {isa = PBXFileReference; includeInIndex = 1; lastKnownFileType = text.xcconfig; name = "Pods-InListTests.debug.xcconfig"; path = "Target Support Files/Pods-InListTests/Pods-InListTests.debug.xcconfig"; sourceTree = "<group>"; };
		112CE7FF4F04A1478540EBC3 /* Pods-InList-InListUITests.release.xcconfig */ = {isa = PBXFileReference; includeInIndex = 1; lastKnownFileType = text.xcconfig; name = "Pods-InList-InListUITests.release.xcconfig"; path = "Target Support Files/Pods-InList-InListUITests/Pods-InList-InListUITests.release.xcconfig"; sourceTree = "<group>"; };
		452CA438D8DA9AF2DDD441DF /* Pods_InListTests.framework */ = {isa = PBXFileReference; explicitFileType = wrapper.framework; includeInIndex = 0; path = Pods_InListTests.framework; sourceTree = BUILT_PRODUCTS_DIR; };
		C4A2F183EBDB8B5D5E634787 /* Pods-InList.release.xcconfig */ = {isa = PBXFileReference; includeInIndex = 1; lastKnownFileType = text.xcconfig; name = "Pods-InList.release.xcconfig"; path = "Target Support Files/Pods-InList/Pods-InList.release.xcconfig"; sourceTree = "<group>"; };
		D099F8D53CEBA8B49CFD7CCA /* Pods-InList.debug.xcconfig */ = {isa = PBXFileReference; includeInIndex = 1; lastKnownFileType = text.xcconfig; name = "Pods-InList.debug.xcconfig"; path = "Target Support Files/Pods-InList/Pods-InList.debug.xcconfig"; sourceTree = "<group>"; };
		DA158302F46E641E63E72181 /* Pods-InList-InListUITests.debug.xcconfig */ = {isa = PBXFileReference; includeInIndex = 1; lastKnownFileType = text.xcconfig; name = "Pods-InList-InListUITests.debug.xcconfig"; path = "Target Support Files/Pods-InList-InListUITests/Pods-InList-InListUITests.debug.xcconfig"; sourceTree = "<group>"; };
		DE68536289DB2F0B749318BE /* Pods-InListTests.release.xcconfig */ = {isa = PBXFileReference; includeInIndex = 1; lastKnownFileType = text.xcconfig; name = "Pods-InListTests.release.xcconfig"; path = "Target Support Files/Pods-InListTests/Pods-InListTests.release.xcconfig"; sourceTree = "<group>"; };
		EBFC7BD25708DFFD5DABA8F0 /* Pods_InList_InListUITests.framework */ = {isa = PBXFileReference; explicitFileType = wrapper.framework; includeInIndex = 0; path = Pods_InList_InListUITests.framework; sourceTree = BUILT_PRODUCTS_DIR; };
		ECC4A1BA5146542E2D906FD9 /* Pods_InList.framework */ = {isa = PBXFileReference; explicitFileType = wrapper.framework; includeInIndex = 0; path = Pods_InList.framework; sourceTree = BUILT_PRODUCTS_DIR; };
/* End PBXFileReference section */

/* Begin PBXFileSystemSynchronizedBuildFileExceptionSet section */
		09EE68202DAD557600044752 /* Exceptions for "InList" folder in "InListTests" target */ = {
			isa = PBXFileSystemSynchronizedBuildFileExceptionSet;
			membershipExceptions = (
				Info.plist,
				Modules/Home/Cell/InsuranceCell.swift,
				Modules/Home/Cell/InsuranceCell.xib,
				Modules/Home/View/HomeViewController.swift,
				Modules/Home/View/HomeViewController.xib,
			);
			target = 09EE67F52DAD41FD00044752 /* InListTests */;
		};
		09EE69352DAD75DA00044752 /* Exceptions for "InList" folder in "InList" target */ = {
			isa = PBXFileSystemSynchronizedBuildFileExceptionSet;
			membershipExceptions = (
				Info.plist,
			);
			target = 09EE67DF2DAD41F900044752 /* InList */;
		};
/* End PBXFileSystemSynchronizedBuildFileExceptionSet section */

/* Begin PBXFileSystemSynchronizedRootGroup section */
		09EE67E22DAD41F900044752 /* InList */ = {
			isa = PBXFileSystemSynchronizedRootGroup;
			exceptions = (
				09EE69352DAD75DA00044752 /* Exceptions for "InList" folder in "InList" target */,
				09EE68202DAD557600044752 /* Exceptions for "InList" folder in "InListTests" target */,
			);
			path = InList;
			sourceTree = "<group>";
		};
		09EE67F92DAD41FD00044752 /* InListTests */ = {
			isa = PBXFileSystemSynchronizedRootGroup;
			path = InListTests;
			sourceTree = "<group>";
		};
		09EE68032DAD41FD00044752 /* InListUITests */ = {
			isa = PBXFileSystemSynchronizedRootGroup;
			path = InListUITests;
			sourceTree = "<group>";
		};
/* End PBXFileSystemSynchronizedRootGroup section */

/* Begin PBXFrameworksBuildPhase section */
		09EE67DD2DAD41F900044752 /* Frameworks */ = {
			isa = PBXFrameworksBuildPhase;
			buildActionMask = 2147483647;
			files = (
				B7B89443503CF006262AE0B4 /* Pods_InList.framework in Frameworks */,
			);
			runOnlyForDeploymentPostprocessing = 0;
		};
		09EE67F32DAD41FD00044752 /* Frameworks */ = {
			isa = PBXFrameworksBuildPhase;
			buildActionMask = 2147483647;
			files = (
				3F1E6480852921648A856320 /* Pods_InListTests.framework in Frameworks */,
			);
			runOnlyForDeploymentPostprocessing = 0;
		};
		09EE67FD2DAD41FD00044752 /* Frameworks */ = {
			isa = PBXFrameworksBuildPhase;
			buildActionMask = 2147483647;
			files = (
				3C6A8569C6D3938F217CAFDD /* Pods_InList_InListUITests.framework in Frameworks */,
			);
			runOnlyForDeploymentPostprocessing = 0;
		};
/* End PBXFrameworksBuildPhase section */

/* Begin PBXGroup section */
		09EE67D72DAD41F900044752 = {
			isa = PBXGroup;
			children = (
				09EE67E22DAD41F900044752 /* InList */,
				09EE67F92DAD41FD00044752 /* InListTests */,
				09EE68032DAD41FD00044752 /* InListUITests */,
				09EE67E12DAD41F900044752 /* Products */,
				B7DA7D0E911EBEF202C09687 /* Pods */,
				9EF57481CEBB45612E676768 /* Frameworks */,
			);
			sourceTree = "<group>";
		};
		09EE67E12DAD41F900044752 /* Products */ = {
			isa = PBXGroup;
			children = (
				09EE67E02DAD41F900044752 /* InList.app */,
				09EE67F62DAD41FD00044752 /* InListTests.xctest */,
				09EE68002DAD41FD00044752 /* InListUITests.xctest */,
			);
			name = Products;
			sourceTree = "<group>";
		};
		9EF57481CEBB45612E676768 /* Frameworks */ = {
			isa = PBXGroup;
			children = (
				ECC4A1BA5146542E2D906FD9 /* Pods_InList.framework */,
				EBFC7BD25708DFFD5DABA8F0 /* Pods_InList_InListUITests.framework */,
				452CA438D8DA9AF2DDD441DF /* Pods_InListTests.framework */,
			);
			name = Frameworks;
			sourceTree = "<group>";
		};
		B7DA7D0E911EBEF202C09687 /* Pods */ = {
			isa = PBXGroup;
			children = (
				D099F8D53CEBA8B49CFD7CCA /* Pods-InList.debug.xcconfig */,
				C4A2F183EBDB8B5D5E634787 /* Pods-InList.release.xcconfig */,
				DA158302F46E641E63E72181 /* Pods-InList-InListUITests.debug.xcconfig */,
				112CE7FF4F04A1478540EBC3 /* Pods-InList-InListUITests.release.xcconfig */,
				0D4B8AFD7681743BD39C0848 /* Pods-InListTests.debug.xcconfig */,
				DE68536289DB2F0B749318BE /* Pods-InListTests.release.xcconfig */,
			);
			path = Pods;
			sourceTree = "<group>";
		};
/* End PBXGroup section */

/* Begin PBXNativeTarget section */
		09EE67DF2DAD41F900044752 /* InList */ = {
			isa = PBXNativeTarget;
			buildConfigurationList = 09EE68092DAD41FD00044752 /* Build configuration list for PBXNativeTarget "InList" */;
			buildPhases = (
				F372AA7B5074171B4924528B /* [CP] Check Pods Manifest.lock */,
				09EE67DC2DAD41F900044752 /* Sources */,
				09EE67DD2DAD41F900044752 /* Frameworks */,
				09EE67DE2DAD41F900044752 /* Resources */,
				768E6EB6CC7B57F2AD9B94C5 /* [CP] Embed Pods Frameworks */,
			);
			buildRules = (
			);
			dependencies = (
			);
			fileSystemSynchronizedGroups = (
				09EE67E22DAD41F900044752 /* InList */,
			);
			name = InList;
			productName = InList;
			productReference = 09EE67E02DAD41F900044752 /* InList.app */;
			productType = "com.apple.product-type.application";
		};
		09EE67F52DAD41FD00044752 /* InListTests */ = {
			isa = PBXNativeTarget;
			buildConfigurationList = 09EE680E2DAD41FD00044752 /* Build configuration list for PBXNativeTarget "InListTests" */;
			buildPhases = (
				CBFC5E893F8ACF9585F1908D /* [CP] Check Pods Manifest.lock */,
				09EE67F22DAD41FD00044752 /* Sources */,
				09EE67F32DAD41FD00044752 /* Frameworks */,
				09EE67F42DAD41FD00044752 /* Resources */,
			);
			buildRules = (
			);
			dependencies = (
				09EE67F82DAD41FD00044752 /* PBXTargetDependency */,
			);
			fileSystemSynchronizedGroups = (
				09EE67F92DAD41FD00044752 /* InListTests */,
			);
			name = InListTests;
			productName = InListTests;
			productReference = 09EE67F62DAD41FD00044752 /* InListTests.xctest */;
			productType = "com.apple.product-type.bundle.unit-test";
		};
		09EE67FF2DAD41FD00044752 /* InListUITests */ = {
			isa = PBXNativeTarget;
			buildConfigurationList = 09EE68112DAD41FD00044752 /* Build configuration list for PBXNativeTarget "InListUITests" */;
			buildPhases = (
				87CF56E87B4052994A3258B4 /* [CP] Check Pods Manifest.lock */,
				09EE67FC2DAD41FD00044752 /* Sources */,
				09EE67FD2DAD41FD00044752 /* Frameworks */,
				09EE67FE2DAD41FD00044752 /* Resources */,
				ADF13D98CBF1CD856843DD64 /* [CP] Embed Pods Frameworks */,
			);
			buildRules = (
			);
			dependencies = (
				09EE68022DAD41FD00044752 /* PBXTargetDependency */,
			);
			fileSystemSynchronizedGroups = (
				09EE68032DAD41FD00044752 /* InListUITests */,
			);
			name = InListUITests;
			productName = InListUITests;
			productReference = 09EE68002DAD41FD00044752 /* InListUITests.xctest */;
			productType = "com.apple.product-type.bundle.ui-testing";
		};
/* End PBXNativeTarget section */

/* Begin PBXProject section */
		09EE67D82DAD41F900044752 /* Project object */ = {
			isa = PBXProject;
			attributes = {
				BuildIndependentTargetsInParallel = 1;
				LastSwiftUpdateCheck = 1620;
				LastUpgradeCheck = 1620;
				TargetAttributes = {
					09EE67DF2DAD41F900044752 = {
						CreatedOnToolsVersion = 16.2;
					};
					09EE67F52DAD41FD00044752 = {
						CreatedOnToolsVersion = 16.2;
						TestTargetID = 09EE67DF2DAD41F900044752;
					};
					09EE67FF2DAD41FD00044752 = {
						CreatedOnToolsVersion = 16.2;
						TestTargetID = 09EE67DF2DAD41F900044752;
					};
				};
			};
			buildConfigurationList = 09EE67DB2DAD41F900044752 /* Build configuration list for PBXProject "InList" */;
			developmentRegion = en;
			hasScannedForEncodings = 0;
			knownRegions = (
				en,
				Base,
			);
			mainGroup = 09EE67D72DAD41F900044752;
			minimizedProjectReferenceProxies = 1;
			preferredProjectObjectVersion = 77;
			productRefGroup = 09EE67E12DAD41F900044752 /* Products */;
			projectDirPath = "";
			projectRoot = "";
			targets = (
				09EE67DF2DAD41F900044752 /* InList */,
				09EE67F52DAD41FD00044752 /* InListTests */,
				09EE67FF2DAD41FD00044752 /* InListUITests */,
			);
		};
/* End PBXProject section */

/* Begin PBXResourcesBuildPhase section */
		09EE67DE2DAD41F900044752 /* Resources */ = {
			isa = PBXResourcesBuildPhase;
			buildActionMask = 2147483647;
			files = (
			);
			runOnlyForDeploymentPostprocessing = 0;
		};
		09EE67F42DAD41FD00044752 /* Resources */ = {
			isa = PBXResourcesBuildPhase;
			buildActionMask = 2147483647;
			files = (
			);
			runOnlyForDeploymentPostprocessing = 0;
		};
		09EE67FE2DAD41FD00044752 /* Resources */ = {
			isa = PBXResourcesBuildPhase;
			buildActionMask = 2147483647;
			files = (
			);
			runOnlyForDeploymentPostprocessing = 0;
		};
/* End PBXResourcesBuildPhase section */

/* Begin PBXShellScriptBuildPhase section */
		768E6EB6CC7B57F2AD9B94C5 /* [CP] Embed Pods Frameworks */ = {
			isa = PBXShellScriptBuildPhase;
			buildActionMask = 2147483647;
			files = (
			);
			inputFileListPaths = (
				"${PODS_ROOT}/Target Support Files/Pods-InList/Pods-InList-frameworks-${CONFIGURATION}-input-files.xcfilelist",
			);
			name = "[CP] Embed Pods Frameworks";
			outputFileListPaths = (
				"${PODS_ROOT}/Target Support Files/Pods-InList/Pods-InList-frameworks-${CONFIGURATION}-output-files.xcfilelist",
			);
			runOnlyForDeploymentPostprocessing = 0;
			shellPath = /bin/sh;
			shellScript = "\"${PODS_ROOT}/Target Support Files/Pods-InList/Pods-InList-frameworks.sh\"\n";
			showEnvVarsInLog = 0;
		};
		87CF56E87B4052994A3258B4 /* [CP] Check Pods Manifest.lock */ = {
			isa = PBXShellScriptBuildPhase;
			buildActionMask = 2147483647;
			files = (
			);
			inputFileListPaths = (
			);
			inputPaths = (
				"${PODS_PODFILE_DIR_PATH}/Podfile.lock",
				"${PODS_ROOT}/Manifest.lock",
			);
			name = "[CP] Check Pods Manifest.lock";
			outputFileListPaths = (
			);
			outputPaths = (
				"$(DERIVED_FILE_DIR)/Pods-InList-InListUITests-checkManifestLockResult.txt",
			);
			runOnlyForDeploymentPostprocessing = 0;
			shellPath = /bin/sh;
			shellScript = "diff \"${PODS_PODFILE_DIR_PATH}/Podfile.lock\" \"${PODS_ROOT}/Manifest.lock\" > /dev/null\nif [ $? != 0 ] ; then\n    # print error to STDERR\n    echo \"error: The sandbox is not in sync with the Podfile.lock. Run 'pod install' or update your CocoaPods installation.\" >&2\n    exit 1\nfi\n# This output is used by Xcode 'outputs' to avoid re-running this script phase.\necho \"SUCCESS\" > \"${SCRIPT_OUTPUT_FILE_0}\"\n";
			showEnvVarsInLog = 0;
		};
		ADF13D98CBF1CD856843DD64 /* [CP] Embed Pods Frameworks */ = {
			isa = PBXShellScriptBuildPhase;
			buildActionMask = 2147483647;
			files = (
			);
			inputFileListPaths = (
				"${PODS_ROOT}/Target Support Files/Pods-InList-InListUITests/Pods-InList-InListUITests-frameworks-${CONFIGURATION}-input-files.xcfilelist",
			);
			name = "[CP] Embed Pods Frameworks";
			outputFileListPaths = (
				"${PODS_ROOT}/Target Support Files/Pods-InList-InListUITests/Pods-InList-InListUITests-frameworks-${CONFIGURATION}-output-files.xcfilelist",
			);
			runOnlyForDeploymentPostprocessing = 0;
			shellPath = /bin/sh;
			shellScript = "\"${PODS_ROOT}/Target Support Files/Pods-InList-InListUITests/Pods-InList-InListUITests-frameworks.sh\"\n";
			showEnvVarsInLog = 0;
		};
		CBFC5E893F8ACF9585F1908D /* [CP] Check Pods Manifest.lock */ = {
			isa = PBXShellScriptBuildPhase;
			buildActionMask = 2147483647;
			files = (
			);
			inputFileListPaths = (
			);
			inputPaths = (
				"${PODS_PODFILE_DIR_PATH}/Podfile.lock",
				"${PODS_ROOT}/Manifest.lock",
			);
			name = "[CP] Check Pods Manifest.lock";
			outputFileListPaths = (
			);
			outputPaths = (
				"$(DERIVED_FILE_DIR)/Pods-InListTests-checkManifestLockResult.txt",
			);
			runOnlyForDeploymentPostprocessing = 0;
			shellPath = /bin/sh;
			shellScript = "diff \"${PODS_PODFILE_DIR_PATH}/Podfile.lock\" \"${PODS_ROOT}/Manifest.lock\" > /dev/null\nif [ $? != 0 ] ; then\n    # print error to STDERR\n    echo \"error: The sandbox is not in sync with the Podfile.lock. Run 'pod install' or update your CocoaPods installation.\" >&2\n    exit 1\nfi\n# This output is used by Xcode 'outputs' to avoid re-running this script phase.\necho \"SUCCESS\" > \"${SCRIPT_OUTPUT_FILE_0}\"\n";
			showEnvVarsInLog = 0;
		};
		F372AA7B5074171B4924528B /* [CP] Check Pods Manifest.lock */ = {
			isa = PBXShellScriptBuildPhase;
			buildActionMask = 2147483647;
			files = (
			);
			inputFileListPaths = (
			);
			inputPaths = (
				"${PODS_PODFILE_DIR_PATH}/Podfile.lock",
				"${PODS_ROOT}/Manifest.lock",
			);
			name = "[CP] Check Pods Manifest.lock";
			outputFileListPaths = (
			);
			outputPaths = (
				"$(DERIVED_FILE_DIR)/Pods-InList-checkManifestLockResult.txt",
			);
			runOnlyForDeploymentPostprocessing = 0;
			shellPath = /bin/sh;
			shellScript = "diff \"${PODS_PODFILE_DIR_PATH}/Podfile.lock\" \"${PODS_ROOT}/Manifest.lock\" > /dev/null\nif [ $? != 0 ] ; then\n    # print error to STDERR\n    echo \"error: The sandbox is not in sync with the Podfile.lock. Run 'pod install' or update your CocoaPods installation.\" >&2\n    exit 1\nfi\n# This output is used by Xcode 'outputs' to avoid re-running this script phase.\necho \"SUCCESS\" > \"${SCRIPT_OUTPUT_FILE_0}\"\n";
			showEnvVarsInLog = 0;
		};
/* End PBXShellScriptBuildPhase section */

/* Begin PBXSourcesBuildPhase section */
		09EE67DC2DAD41F900044752 /* Sources */ = {
			isa = PBXSourcesBuildPhase;
			buildActionMask = 2147483647;
			files = (
			);
			runOnlyForDeploymentPostprocessing = 0;
		};
		09EE67F22DAD41FD00044752 /* Sources */ = {
			isa = PBXSourcesBuildPhase;
			buildActionMask = 2147483647;
			files = (
			);
			runOnlyForDeploymentPostprocessing = 0;
		};
		09EE67FC2DAD41FD00044752 /* Sources */ = {
			isa = PBXSourcesBuildPhase;
			buildActionMask = 2147483647;
			files = (
			);
			runOnlyForDeploymentPostprocessing = 0;
		};
/* End PBXSourcesBuildPhase section */

/* Begin PBXTargetDependency section */
		09EE67F82DAD41FD00044752 /* PBXTargetDependency */ = {
			isa = PBXTargetDependency;
			target = 09EE67DF2DAD41F900044752 /* InList */;
			targetProxy = 09EE67F72DAD41FD00044752 /* PBXContainerItemProxy */;
		};
		09EE68022DAD41FD00044752 /* PBXTargetDependency */ = {
			isa = PBXTargetDependency;
			target = 09EE67DF2DAD41F900044752 /* InList */;
			targetProxy = 09EE68012DAD41FD00044752 /* PBXContainerItemProxy */;
		};
/* End PBXTargetDependency section */

/* Begin XCBuildConfiguration section */
		09EE680A2DAD41FD00044752 /* Debug */ = {
			isa = XCBuildConfiguration;
			baseConfigurationReference = D099F8D53CEBA8B49CFD7CCA /* Pods-InList.debug.xcconfig */;
			buildSettings = {
				ASSETCATALOG_COMPILER_APPICON_NAME = AppIcon;
				ASSETCATALOG_COMPILER_GLOBAL_ACCENT_COLOR_NAME = AccentColor;
				CODE_SIGN_STYLE = Automatic;
				CURRENT_PROJECT_VERSION = 1;
				ENABLE_APP_SANDBOX = NO;
				ENABLE_USER_SCRIPT_SANDBOXING = NO;
				GENERATE_INFOPLIST_FILE = YES;
				INFOPLIST_FILE = InList/Info.plist;
				INFOPLIST_KEY_UIApplicationSupportsIndirectInputEvents = YES;
				INFOPLIST_KEY_UILaunchStoryboardName = LaunchScreen;
				INFOPLIST_KEY_UIMainStoryboardFile = "";
				INFOPLIST_KEY_UISupportedInterfaceOrientations_iPad = "UIInterfaceOrientationPortrait UIInterfaceOrientationPortraitUpsideDown UIInterfaceOrientationLandscapeLeft UIInterfaceOrientationLandscapeRight";
				INFOPLIST_KEY_UISupportedInterfaceOrientations_iPhone = "UIInterfaceOrientationPortrait UIInterfaceOrientationLandscapeLeft UIInterfaceOrientationLandscapeRight";
				LD_RUNPATH_SEARCH_PATHS = (
					"$(inherited)",
					"@executable_path/Frameworks",
				);
				MARKETING_VERSION = 1.0;
				PRODUCT_BUNDLE_IDENTIFIER = idris.com.InList;
				PRODUCT_NAME = "$(TARGET_NAME)";
				SWIFT_EMIT_LOC_STRINGS = YES;
				SWIFT_VERSION = 5.0;
				TARGETED_DEVICE_FAMILY = "1,2";
			};
			name = Debug;
		};
		09EE680B2DAD41FD00044752 /* Release */ = {
			isa = XCBuildConfiguration;
			baseConfigurationReference = C4A2F183EBDB8B5D5E634787 /* Pods-InList.release.xcconfig */;
			buildSettings = {
				ASSETCATALOG_COMPILER_APPICON_NAME = AppIcon;
				ASSETCATALOG_COMPILER_GLOBAL_ACCENT_COLOR_NAME = AccentColor;
				CODE_SIGN_STYLE = Automatic;
				CURRENT_PROJECT_VERSION = 1;
				ENABLE_APP_SANDBOX = NO;
				ENABLE_USER_SCRIPT_SANDBOXING = NO;
				GENERATE_INFOPLIST_FILE = YES;
				INFOPLIST_FILE = InList/Info.plist;
				INFOPLIST_KEY_UIApplicationSupportsIndirectInputEvents = YES;
				INFOPLIST_KEY_UILaunchStoryboardName = LaunchScreen;
				INFOPLIST_KEY_UIMainStoryboardFile = "";
				INFOPLIST_KEY_UISupportedInterfaceOrientations_iPad = "UIInterfaceOrientationPortrait UIInterfaceOrientationPortraitUpsideDown UIInterfaceOrientationLandscapeLeft UIInterfaceOrientationLandscapeRight";
				INFOPLIST_KEY_UISupportedInterfaceOrientations_iPhone = "UIInterfaceOrientationPortrait UIInterfaceOrientationLandscapeLeft UIInterfaceOrientationLandscapeRight";
				LD_RUNPATH_SEARCH_PATHS = (
					"$(inherited)",
					"@executable_path/Frameworks",
				);
				MARKETING_VERSION = 1.0;
				PRODUCT_BUNDLE_IDENTIFIER = idris.com.InList;
				PRODUCT_NAME = "$(TARGET_NAME)";
				SWIFT_EMIT_LOC_STRINGS = YES;
				SWIFT_VERSION = 5.0;
				TARGETED_DEVICE_FAMILY = "1,2";
			};
			name = Release;
		};
		09EE680C2DAD41FD00044752 /* Debug */ = {
			isa = XCBuildConfiguration;
			buildSettings = {
				ALWAYS_SEARCH_USER_PATHS = NO;
				ASSETCATALOG_COMPILER_GENERATE_SWIFT_ASSET_SYMBOL_EXTENSIONS = YES;
				CLANG_ANALYZER_NONNULL = YES;
				CLANG_ANALYZER_NUMBER_OBJECT_CONVERSION = YES_AGGRESSIVE;
				CLANG_CXX_LANGUAGE_STANDARD = "gnu++20";
				CLANG_ENABLE_MODULES = YES;
				CLANG_ENABLE_OBJC_ARC = YES;
				CLANG_ENABLE_OBJC_WEAK = YES;
				CLANG_WARN_BLOCK_CAPTURE_AUTORELEASING = YES;
				CLANG_WARN_BOOL_CONVERSION = YES;
				CLANG_WARN_COMMA = YES;
				CLANG_WARN_CONSTANT_CONVERSION = YES;
				CLANG_WARN_DEPRECATED_OBJC_IMPLEMENTATIONS = YES;
				CLANG_WARN_DIRECT_OBJC_ISA_USAGE = YES_ERROR;
				CLANG_WARN_DOCUMENTATION_COMMENTS = YES;
				CLANG_WARN_EMPTY_BODY = YES;
				CLANG_WARN_ENUM_CONVERSION = YES;
				CLANG_WARN_INFINITE_RECURSION = YES;
				CLANG_WARN_INT_CONVERSION = YES;
				CLANG_WARN_NON_LITERAL_NULL_CONVERSION = YES;
				CLANG_WARN_OBJC_IMPLICIT_RETAIN_SELF = YES;
				CLANG_WARN_OBJC_LITERAL_CONVERSION = YES;
				CLANG_WARN_OBJC_ROOT_CLASS = YES_ERROR;
				CLANG_WARN_QUOTED_INCLUDE_IN_FRAMEWORK_HEADER = YES;
				CLANG_WARN_RANGE_LOOP_ANALYSIS = YES;
				CLANG_WARN_STRICT_PROTOTYPES = YES;
				CLANG_WARN_SUSPICIOUS_MOVE = YES;
				CLANG_WARN_UNGUARDED_AVAILABILITY = YES_AGGRESSIVE;
				CLANG_WARN_UNREACHABLE_CODE = YES;
				CLANG_WARN__DUPLICATE_METHOD_MATCH = YES;
				COPY_PHASE_STRIP = NO;
				DEBUG_INFORMATION_FORMAT = dwarf;
				ENABLE_STRICT_OBJC_MSGSEND = YES;
				ENABLE_TESTABILITY = YES;
				ENABLE_USER_SCRIPT_SANDBOXING = YES;
				GCC_C_LANGUAGE_STANDARD = gnu17;
				GCC_DYNAMIC_NO_PIC = NO;
				GCC_NO_COMMON_BLOCKS = YES;
				GCC_OPTIMIZATION_LEVEL = 0;
				GCC_PREPROCESSOR_DEFINITIONS = (
					"DEBUG=1",
					"$(inherited)",
				);
				GCC_WARN_64_TO_32_BIT_CONVERSION = YES;
				GCC_WARN_ABOUT_RETURN_TYPE = YES_ERROR;
				GCC_WARN_UNDECLARED_SELECTOR = YES;
				GCC_WARN_UNINITIALIZED_AUTOS = YES_AGGRESSIVE;
				GCC_WARN_UNUSED_FUNCTION = YES;
				GCC_WARN_UNUSED_VARIABLE = YES;
				IPHONEOS_DEPLOYMENT_TARGET = 18.2;
				LOCALIZATION_PREFERS_STRING_CATALOGS = YES;
				MTL_ENABLE_DEBUG_INFO = INCLUDE_SOURCE;
				MTL_FAST_MATH = YES;
				ONLY_ACTIVE_ARCH = YES;
				SDKROOT = iphoneos;
				SWIFT_ACTIVE_COMPILATION_CONDITIONS = "DEBUG $(inherited)";
				SWIFT_OPTIMIZATION_LEVEL = "-Onone";
			};
			name = Debug;
		};
		09EE680D2DAD41FD00044752 /* Release */ = {
			isa = XCBuildConfiguration;
			buildSettings = {
				ALWAYS_SEARCH_USER_PATHS = NO;
				ASSETCATALOG_COMPILER_GENERATE_SWIFT_ASSET_SYMBOL_EXTENSIONS = YES;
				CLANG_ANALYZER_NONNULL = YES;
				CLANG_ANALYZER_NUMBER_OBJECT_CONVERSION = YES_AGGRESSIVE;
				CLANG_CXX_LANGUAGE_STANDARD = "gnu++20";
				CLANG_ENABLE_MODULES = YES;
				CLANG_ENABLE_OBJC_ARC = YES;
				CLANG_ENABLE_OBJC_WEAK = YES;
				CLANG_WARN_BLOCK_CAPTURE_AUTORELEASING = YES;
				CLANG_WARN_BOOL_CONVERSION = YES;
				CLANG_WARN_COMMA = YES;
				CLANG_WARN_CONSTANT_CONVERSION = YES;
				CLANG_WARN_DEPRECATED_OBJC_IMPLEMENTATIONS = YES;
				CLANG_WARN_DIRECT_OBJC_ISA_USAGE = YES_ERROR;
				CLANG_WARN_DOCUMENTATION_COMMENTS = YES;
				CLANG_WARN_EMPTY_BODY = YES;
				CLANG_WARN_ENUM_CONVERSION = YES;
				CLANG_WARN_INFINITE_RECURSION = YES;
				CLANG_WARN_INT_CONVERSION = YES;
				CLANG_WARN_NON_LITERAL_NULL_CONVERSION = YES;
				CLANG_WARN_OBJC_IMPLICIT_RETAIN_SELF = YES;
				CLANG_WARN_OBJC_LITERAL_CONVERSION = YES;
				CLANG_WARN_OBJC_ROOT_CLASS = YES_ERROR;
				CLANG_WARN_QUOTED_INCLUDE_IN_FRAMEWORK_HEADER = YES;
				CLANG_WARN_RANGE_LOOP_ANALYSIS = YES;
				CLANG_WARN_STRICT_PROTOTYPES = YES;
				CLANG_WARN_SUSPICIOUS_MOVE = YES;
				CLANG_WARN_UNGUARDED_AVAILABILITY = YES_AGGRESSIVE;
				CLANG_WARN_UNREACHABLE_CODE = YES;
				CLANG_WARN__DUPLICATE_METHOD_MATCH = YES;
				COPY_PHASE_STRIP = NO;
				DEBUG_INFORMATION_FORMAT = "dwarf-with-dsym";
				ENABLE_NS_ASSERTIONS = NO;
				ENABLE_STRICT_OBJC_MSGSEND = YES;
				ENABLE_USER_SCRIPT_SANDBOXING = YES;
				GCC_C_LANGUAGE_STANDARD = gnu17;
				GCC_NO_COMMON_BLOCKS = YES;
				GCC_WARN_64_TO_32_BIT_CONVERSION = YES;
				GCC_WARN_ABOUT_RETURN_TYPE = YES_ERROR;
				GCC_WARN_UNDECLARED_SELECTOR = YES;
				GCC_WARN_UNINITIALIZED_AUTOS = YES_AGGRESSIVE;
				GCC_WARN_UNUSED_FUNCTION = YES;
				GCC_WARN_UNUSED_VARIABLE = YES;
				IPHONEOS_DEPLOYMENT_TARGET = 18.2;
				LOCALIZATION_PREFERS_STRING_CATALOGS = YES;
				MTL_ENABLE_DEBUG_INFO = NO;
				MTL_FAST_MATH = YES;
				SDKROOT = iphoneos;
				SWIFT_COMPILATION_MODE = wholemodule;
				VALIDATE_PRODUCT = YES;
			};
			name = Release;
		};
		09EE680F2DAD41FD00044752 /* Debug */ = {
			isa = XCBuildConfiguration;
			baseConfigurationReference = 0D4B8AFD7681743BD39C0848 /* Pods-InListTests.debug.xcconfig */;
			buildSettings = {
				BUNDLE_LOADER = "$(TEST_HOST)";
				CODE_SIGN_STYLE = Automatic;
				CURRENT_PROJECT_VERSION = 1;
				GENERATE_INFOPLIST_FILE = YES;
				IPHONEOS_DEPLOYMENT_TARGET = 18.2;
				MARKETING_VERSION = 1.0;
				PRODUCT_BUNDLE_IDENTIFIER = idris.com.InListTests;
				PRODUCT_NAME = "$(TARGET_NAME)";
				SWIFT_EMIT_LOC_STRINGS = NO;
				SWIFT_VERSION = 5.0;
				TARGETED_DEVICE_FAMILY = "1,2";
				TEST_HOST = "$(BUILT_PRODUCTS_DIR)/InList.app/$(BUNDLE_EXECUTABLE_FOLDER_PATH)/InList";
			};
			name = Debug;
		};
		09EE68102DAD41FD00044752 /* Release */ = {
			isa = XCBuildConfiguration;
			baseConfigurationReference = DE68536289DB2F0B749318BE /* Pods-InListTests.release.xcconfig */;
			buildSettings = {
				BUNDLE_LOADER = "$(TEST_HOST)";
				CODE_SIGN_STYLE = Automatic;
				CURRENT_PROJECT_VERSION = 1;
				GENERATE_INFOPLIST_FILE = YES;
				IPHONEOS_DEPLOYMENT_TARGET = 18.2;
				MARKETING_VERSION = 1.0;
				PRODUCT_BUNDLE_IDENTIFIER = idris.com.InListTests;
				PRODUCT_NAME = "$(TARGET_NAME)";
				SWIFT_EMIT_LOC_STRINGS = NO;
				SWIFT_VERSION = 5.0;
				TARGETED_DEVICE_FAMILY = "1,2";
				TEST_HOST = "$(BUILT_PRODUCTS_DIR)/InList.app/$(BUNDLE_EXECUTABLE_FOLDER_PATH)/InList";
			};
			name = Release;
		};
		09EE68122DAD41FD00044752 /* Debug */ = {
			isa = XCBuildConfiguration;
			baseConfigurationReference = DA158302F46E641E63E72181 /* Pods-InList-InListUITests.debug.xcconfig */;
			buildSettings = {
				CODE_SIGN_STYLE = Automatic;
				CURRENT_PROJECT_VERSION = 1;
				GENERATE_INFOPLIST_FILE = YES;
				MARKETING_VERSION = 1.0;
				PRODUCT_BUNDLE_IDENTIFIER = idris.com.InListUITests;
				PRODUCT_NAME = "$(TARGET_NAME)";
				SWIFT_EMIT_LOC_STRINGS = NO;
				SWIFT_VERSION = 5.0;
				TARGETED_DEVICE_FAMILY = "1,2";
				TEST_TARGET_NAME = InList;
			};
			name = Debug;
		};
		09EE68132DAD41FD00044752 /* Release */ = {
			isa = XCBuildConfiguration;
			baseConfigurationReference = 112CE7FF4F04A1478540EBC3 /* Pods-InList-InListUITests.release.xcconfig */;
			buildSettings = {
				CODE_SIGN_STYLE = Automatic;
				CURRENT_PROJECT_VERSION = 1;
				GENERATE_INFOPLIST_FILE = YES;
				MARKETING_VERSION = 1.0;
				PRODUCT_BUNDLE_IDENTIFIER = idris.com.InListUITests;
				PRODUCT_NAME = "$(TARGET_NAME)";
				SWIFT_EMIT_LOC_STRINGS = NO;
				SWIFT_VERSION = 5.0;
				TARGETED_DEVICE_FAMILY = "1,2";
				TEST_TARGET_NAME = InList;
			};
			name = Release;
		};
/* End XCBuildConfiguration section */

/* Begin XCConfigurationList section */
		09EE67DB2DAD41F900044752 /* Build configuration list for PBXProject "InList" */ = {
			isa = XCConfigurationList;
			buildConfigurations = (
				09EE680C2DAD41FD00044752 /* Debug */,
				09EE680D2DAD41FD00044752 /* Release */,
			);
			defaultConfigurationIsVisible = 0;
			defaultConfigurationName = Release;
		};
		09EE68092DAD41FD00044752 /* Build configuration list for PBXNativeTarget "InList" */ = {
			isa = XCConfigurationList;
			buildConfigurations = (
				09EE680A2DAD41FD00044752 /* Debug */,
				09EE680B2DAD41FD00044752 /* Release */,
			);
			defaultConfigurationIsVisible = 0;
			defaultConfigurationName = Release;
		};
		09EE680E2DAD41FD00044752 /* Build configuration list for PBXNativeTarget "InListTests" */ = {
			isa = XCConfigurationList;
			buildConfigurations = (
				09EE680F2DAD41FD00044752 /* Debug */,
				09EE68102DAD41FD00044752 /* Release */,
			);
			defaultConfigurationIsVisible = 0;
			defaultConfigurationName = Release;
		};
		09EE68112DAD41FD00044752 /* Build configuration list for PBXNativeTarget "InListUITests" */ = {
			isa = XCConfigurationList;
			buildConfigurations = (
				09EE68122DAD41FD00044752 /* Debug */,
				09EE68132DAD41FD00044752 /* Release */,
			);
			defaultConfigurationIsVisible = 0;
			defaultConfigurationName = Release;
		};
/* End XCConfigurationList section */
	};
	rootObject = 09EE67D82DAD41F900044752 /* Project object */;
}
